
Microsoft Visual Studio Solution File, Format Version 12.00
# Visual Studio Version 16
VisualStudioVersion = 16.0.36107.64
MinimumVisualStudioVersion = 10.0.40219.1
Project("{FAE04EC0-301F-11D3-BF4B-00C04F79EFBC}") = "MVS_WPF", "04_Ui\MVS_WPF\MVS_WPF.csproj", "{7C1F162E-AC20-4907-878D-4FAFBC432C84}"
EndProject
Project("{2150E333-8FDC-42A3-9474-1A3956D46DE8}") = "01_Contract", "01_Contract", "{B4034A8C-F4DD-4308-83E1-BF9038454B93}"
EndProject
Project("{FAE04EC0-301F-11D3-BF4B-00C04F79EFBC}") = "MVS.Contract", "01_Contract\MVS.Contract\MVS.Contract.csproj", "{ADDBB5FE-F0D1-4B4F-8038-2504168329DA}"
EndProject
Project("{2150E333-8FDC-42A3-9474-1A3956D46DE8}") = "02_Infrastructure", "02_Infrastructure", "{90162542-7B11-4E9F-B3EF-FEB4155C5EA3}"
EndProject
Project("{2150E333-8FDC-42A3-9474-1A3956D46DE8}") = "04_Ui", "04_Ui", "{36374791-7851-41A5-8F11-237B000EFB5B}"
EndProject
Project("{FAE04EC0-301F-11D3-BF4B-00C04F79EFBC}") = "MVS.Infrastructure", "02_Infrastructure\MVS.Infrastructure\MVS.Infrastructure.csproj", "{AAEA9AE9-B698-4A51-BDEB-0EE581F4D6A5}"
EndProject
Project("{2150E333-8FDC-42A3-9474-1A3956D46DE8}") = "03_Cameras", "03_Cameras", "{4C5C1D8B-A363-4185-9E90-A2FE230A1A53}"
EndProject
Project("{FAE04EC0-301F-11D3-BF4B-00C04F79EFBC}") = "MVS.Camera.Dalsa", "03_Cameras\MVS.Camera.Dalsa\MVS.Camera.Dalsa.csproj", "{2F0006DD-7360-4B87-B320-875881DE3B40}"
EndProject
Project("{FAE04EC0-301F-11D3-BF4B-00C04F79EFBC}") = "MVS.Camera.Hik", "03_Cameras\MVS.Camera.Hik\MVS.Camera.Hik.csproj", "{224A70ED-F3AB-4D2A-98CA-2BC08155B007}"
EndProject
Global
	GlobalSection(SolutionConfigurationPlatforms) = preSolution
		Debug|Any CPU = Debug|Any CPU
		Release|Any CPU = Release|Any CPU
	EndGlobalSection
	GlobalSection(ProjectConfigurationPlatforms) = postSolution
		{7C1F162E-AC20-4907-878D-4FAFBC432C84}.Debug|Any CPU.ActiveCfg = Debug|Any CPU
		{7C1F162E-AC20-4907-878D-4FAFBC432C84}.Debug|Any CPU.Build.0 = Debug|Any CPU
		{7C1F162E-AC20-4907-878D-4FAFBC432C84}.Release|Any CPU.ActiveCfg = Release|Any CPU
		{7C1F162E-AC20-4907-878D-4FAFBC432C84}.Release|Any CPU.Build.0 = Release|Any CPU
		{ADDBB5FE-F0D1-4B4F-8038-2504168329DA}.Debug|Any CPU.ActiveCfg = Debug|Any CPU
		{ADDBB5FE-F0D1-4B4F-8038-2504168329DA}.Debug|Any CPU.Build.0 = Debug|Any CPU
		{ADDBB5FE-F0D1-4B4F-8038-2504168329DA}.Release|Any CPU.ActiveCfg = Release|Any CPU
		{ADDBB5FE-F0D1-4B4F-8038-2504168329DA}.Release|Any CPU.Build.0 = Release|Any CPU
		{AAEA9AE9-B698-4A51-BDEB-0EE581F4D6A5}.Debug|Any CPU.ActiveCfg = Debug|Any CPU
		{AAEA9AE9-B698-4A51-BDEB-0EE581F4D6A5}.Debug|Any CPU.Build.0 = Debug|Any CPU
		{AAEA9AE9-B698-4A51-BDEB-0EE581F4D6A5}.Release|Any CPU.ActiveCfg = Release|Any CPU
		{AAEA9AE9-B698-4A51-BDEB-0EE581F4D6A5}.Release|Any CPU.Build.0 = Release|Any CPU
		{2F0006DD-7360-4B87-B320-875881DE3B40}.Debug|Any CPU.ActiveCfg = Debug|Any CPU
		{2F0006DD-7360-4B87-B320-875881DE3B40}.Debug|Any CPU.Build.0 = Debug|Any CPU
		{2F0006DD-7360-4B87-B320-875881DE3B40}.Release|Any CPU.ActiveCfg = Release|Any CPU
		{2F0006DD-7360-4B87-B320-875881DE3B40}.Release|Any CPU.Build.0 = Release|Any CPU
		{224A70ED-F3AB-4D2A-98CA-2BC08155B007}.Debug|Any CPU.ActiveCfg = Debug|Any CPU
		{224A70ED-F3AB-4D2A-98CA-2BC08155B007}.Debug|Any CPU.Build.0 = Debug|Any CPU
		{224A70ED-F3AB-4D2A-98CA-2BC08155B007}.Release|Any CPU.ActiveCfg = Release|Any CPU
		{224A70ED-F3AB-4D2A-98CA-2BC08155B007}.Release|Any CPU.Build.0 = Release|Any CPU
	EndGlobalSection
	GlobalSection(SolutionProperties) = preSolution
		HideSolutionNode = FALSE
	EndGlobalSection
	GlobalSection(NestedProjects) = preSolution
		{7C1F162E-AC20-4907-878D-4FAFBC432C84} = {36374791-7851-41A5-8F11-237B000EFB5B}
		{ADDBB5FE-F0D1-4B4F-8038-2504168329DA} = {B4034A8C-F4DD-4308-83E1-BF9038454B93}
		{AAEA9AE9-B698-4A51-BDEB-0EE581F4D6A5} = {90162542-7B11-4E9F-B3EF-FEB4155C5EA3}
		{2F0006DD-7360-4B87-B320-875881DE3B40} = {4C5C1D8B-A363-4185-9E90-A2FE230A1A53}
		{224A70ED-F3AB-4D2A-98CA-2BC08155B007} = {4C5C1D8B-A363-4185-9E90-A2FE230A1A53}
	EndGlobalSection
	GlobalSection(ExtensibilityGlobals) = postSolution
		SolutionGuid = {5FED5826-7895-491C-BD71-B590FB075B92}
	EndGlobalSection
EndGlobal
